
Microsoft Visual Studio Solution File, Format Version 12.00
# Visual Studio Version 17
VisualStudioVersion = 17.8.34322.80
MinimumVisualStudioVersion = 10.0.40219.1
Project("{FAE04EC0-301F-11D3-BF4B-00C04F79EFBC}") = "BluetoothStudy", "BluetoothStudy\BluetoothStudy.csproj", "{EA46A483-2529-45C7-AEBE-0AB50F7D4757}"
EndProject
Global
	GlobalSection(SolutionConfigurationPlatforms) = preSolution
		Debug|Any CPU = Debug|Any CPU
		Release|Any CPU = Release|Any CPU
	EndGlobalSection
	GlobalSection(ProjectConfigurationPlatforms) = postSolution
		{EA46A483-2529-45C7-AEBE-0AB50F7D4757}.Debug|Any CPU.ActiveCfg = Debug|Any CPU
		{EA46A483-2529-45C7-AEBE-0AB50F7D4757}.Debug|Any CPU.Build.0 = Debug|Any CPU
		{EA46A483-2529-45C7-AEBE-0AB50F7D4757}.Debug|Any CPU.Deploy.0 = Debug|Any CPU
		{EA46A483-2529-45C7-AEBE-0AB50F7D4757}.Release|Any CPU.ActiveCfg = Release|Any CPU
		{EA46A483-2529-45C7-AEBE-0AB50F7D4757}.Release|Any CPU.Build.0 = Release|Any CPU
		{EA46A483-2529-45C7-AEBE-0AB50F7D4757}.Release|Any CPU.Deploy.0 = Release|Any CPU
	EndGlobalSection
	GlobalSection(SolutionProperties) = preSolution
		HideSolutionNode = FALSE
	EndGlobalSection
	GlobalSection(ExtensibilityGlobals) = postSolution
		SolutionGuid = {D9651ED4-DA54-4ACE-BDD5-707743EA3EF8}
	EndGlobalSection
EndGlobal
